# THIS IS AN AUTOGENERATED FILE. DO NOT EDIT THIS FILE DIRECTLY.
# yarn lockfile v1


bootstrap@^3.4.1:
  version "3.4.1"
  resolved "https://registry.yarnpkg.com/bootstrap/-/bootstrap-3.4.1.tgz#c3a347d419e289ad11f4033e3c4132b87c081d72"
  integrity sha512-yN5oZVmRCwe5aKwzRj6736nSmKDX7pLYwsXiCj/EYmo16hODaBiT4En5btW/jhBF/seV+XMx3aYwukYC3A49DA==

code-prettify@^0.1.0:
  version "0.1.0"
  resolved "https://registry.yarnpkg.com/code-prettify/-/code-prettify-0.1.0.tgz#46870cc8c1a50d09bad539b33a983dbd4aa34b1e"
  integrity sha1-RocMyMGlDQm61TmzOpg9vUqjSx4=

datatables.net-bs@^1.10.15:
  version "1.10.21"
  resolved "https://registry.yarnpkg.com/datatables.net-bs/-/datatables.net-bs-1.10.21.tgz#c80e655033787512423ad78a45e8164f25417dc5"
  integrity sha512-4mpesFXNEkLlQET3IDLclLz95Xit4Kp/jHcOM2X0nc/ijDfO3qJk3ehZ+NSEAkXZDge6ZtY5Zxq2O90ISiIjwQ==
  dependencies:
    datatables.net "1.10.21"
    jquery ">=1.7"

datatables.net-responsive-bs@^2.2.3:
  version "2.2.5"
  resolved "https://registry.yarnpkg.com/datatables.net-responsive-bs/-/datatables.net-responsive-bs-2.2.5.tgz#4f8f4a200b19dd0b434bf6302491c4905d4d3c39"
  integrity sha512-O3tIWZUiFtdHm5CkQ9I1vaQBQ74cchOq19JkYzWykkwP5mzW+tKuHINcajxDL5GJo8WXejG9BSNq6ZRK1BQkBw==
  dependencies:
    datatables.net-bs "^1.10.15"
    datatables.net-responsive "2.2.5"
    jquery ">=1.7"

datatables.net-responsive@2.2.5:
  version "2.2.5"
  resolved "https://registry.yarnpkg.com/datatables.net-responsive/-/datatables.net-responsive-2.2.5.tgz#33a11ec59b416a546a213b3b736e1ff8ad1fa5eb"
  integrity sha512-AuF28BJRQWfke0cwZwgJB5+WHgoDCDAnW59TJWX4JAXYes3iFrJA6mNHWw46Up3bqUJVI2ZxJoKTGpoEHm5hNA==
  dependencies:
    datatables.net "^1.10.15"
    jquery ">=1.7"

datatables.net@1.10.21, datatables.net@^1.10.15:
  version "1.10.21"
  resolved "https://registry.yarnpkg.com/datatables.net/-/datatables.net-1.10.21.tgz#f1d35c8e5c3eb7f5caef39e80cd5b836a8c77103"
  integrity sha512-/bSZtxmf3GTpYcvEmwZ8q26I1yhSx8qklR2B+s1K8+/51UW/zc2zTYwJMqr/Z+iCYixAc00ildj4g2x0Qamolw==
  dependencies:
    jquery ">=1.7"

dropzone@^5.5.1:
  version "5.7.1"
  resolved "https://registry.yarnpkg.com/dropzone/-/dropzone-5.7.1.tgz#8e41a85879ff145562e8fcce39c6ff619dce81be"
  integrity sha512-eqcJafupMKRlVUihZtsLkzLn02WTPUMHeImP5ZtWm3ERObC/dv15te0qqn/X2rEKaSqRC0pNTHUBPgrPWcP52w==

fastclick@^1.0.6:
  version "1.0.6"
  resolved "https://registry.yarnpkg.com/fastclick/-/fastclick-1.0.6.tgz#161625b27b1a5806405936bda9a2c1926d06be6a"
  integrity sha1-FhYlsnsaWAZAWTa9qaLBkm0Gvmo=

flatpickr@^4.6.6:
  version "4.6.6"
  resolved "https://registry.yarnpkg.com/flatpickr/-/flatpickr-4.6.6.tgz#34d2ad80adfa34254e62583a34264d472f1038d6"
  integrity sha512-EZ48CJMttMg3maMhJoX+GvTuuEhX/RbA1YeuI19attP3pwBdbYy6+yqAEVm0o0hSBFYBiLbVxscLW6gJXq6H3A==

font-awesome@^4.7.0:
  version "4.7.0"
  resolved "https://registry.yarnpkg.com/font-awesome/-/font-awesome-4.7.0.tgz#8fa8cf0411a1a31afd07b06d2902bb9fc815a133"
  integrity sha1-j6jPBBGhoxr9B7BtKQK7n8gVoTM=

he@^1.2.0:
  version "1.2.0"
  resolved "https://registry.yarnpkg.com/he/-/he-1.2.0.tgz#84ae65fa7eafb165fddb61566ae14baf05664f0f"
  integrity sha512-F/1DnUGPopORZi0ni+CvrCgHQ5FyEAHRLSApuYWMmrbSwoN2Mn/7k+Gl38gJnR7yyDZk6WLXwiGod1JOWNDKGw==

ionicons@^4.5.5:
  version "4.6.3"
  resolved "https://registry.yarnpkg.com/ionicons/-/ionicons-4.6.3.tgz#e4f3a3e9b66761eb8c0db27798cc1a8ce97777d2"
  integrity sha512-cgP+VIr2cTJpMfFyVHTerq6n2jeoiGboVoe3GlaAo5zoSBDAEXORwUZhv6m+lCyxlsHCS3nqPUE+MKyZU71t8Q==

jquery-validation@^1.19.0:
  version "1.19.2"
  resolved "https://registry.yarnpkg.com/jquery-validation/-/jquery-validation-1.19.2.tgz#c602831b0d8c5881400af424e872757ce241eff9"
  integrity sha512-yHaAqOGaAB7+p2u5lpzhhQVt3CBMUw3fHcuCJ7nXmXz0LWLHPN7yOhwnocp5nrn2SmnXR1jpV+whx2j1kLz1tQ==

jquery@>=1.12.0, jquery@>=1.7, jquery@^3.3.1:
  version "3.5.1"
  resolved "https://registry.yarnpkg.com/jquery/-/jquery-3.5.1.tgz#d7b4d08e1bfdb86ad2f1a3d039ea17304717abb5"
  integrity sha512-XwIBPqcMn57FxfT+Go5pzySnm4KWkT1Tv7gjrpT1srtf8Weynl6R273VJ5GjkRb51IzMp5nbaPjJXMWeju2MKg==

pace-js@^1.0.2:
  version "1.0.2"
  resolved "https://registry.yarnpkg.com/pace-js/-/pace-js-1.0.2.tgz#673a717f833ccb4f4315531b75ee4788376600f7"
  integrity sha1-Zzpxf4M8y09DFVMbde5HiDdmAPc=

pusher-js@^7.0.3:
  version "7.0.3"
  resolved "https://registry.yarnpkg.com/pusher-js/-/pusher-js-7.0.3.tgz#f81c78cdf2ad32f546caa7532ec7f9081ef00b8d"
  integrity sha512-HIfCvt00CAqgO4W0BrdpPsDcAwy51rB6DN0VMC+JeVRRbo8mn3XTeUeIFjmmlRLZLX8rPhUtLRo7vPag6b8GCw==
  dependencies:
    tweetnacl "^1.0.3"

select2@^4.0.5:
  version "4.0.13"
  resolved "https://registry.yarnpkg.com/select2/-/select2-4.0.13.tgz#0dbe377df3f96167c4c1626033e924372d8ef44d"
  integrity sha512-1JeB87s6oN/TDxQQYCvS5EFoQyvV6eYMZZ0AeA4tdFDYWN3BAGZ8npr17UBFddU0lgAt3H0yjX3X6/ekOj1yjw==

toastr@^2.1.4:
  version "2.1.4"
  resolved "https://registry.yarnpkg.com/toastr/-/toastr-2.1.4.tgz#8b43be64fb9d0c414871446f2db8e8ca4e95f181"
  integrity sha1-i0O+ZPudDEFIcURvLbjoyk6V8YE=
  dependencies:
    jquery ">=1.12.0"

trumbowyg@^2.21.0:
  version "2.21.0"
  resolved "https://registry.yarnpkg.com/trumbowyg/-/trumbowyg-2.21.0.tgz#ca133bb960d3302d362ca73358e268d3830c74cc"
  integrity sha512-TUatXrv2PgaYjgIZdh4G0UgZsFd9cmkw4ZGrQBWrXNDtf2cn+1TEgLGd/jVj0MWGxEYfbrZXmURf9UQlEMLGFg==

tweetnacl@^1.0.3:
  version "1.0.3"
  resolved "https://registry.yarnpkg.com/tweetnacl/-/tweetnacl-1.0.3.tgz#ac0af71680458d8a6378d0d0d050ab1407d35596"
  integrity sha512-6rt+RN7aOi1nGMyC4Xa5DdYiukl2UWCbcJft7YhxReBGQD7OAM8Pbxw6YMo4r2diNEA8FEmu32YOn9rhaiE5yw==
